
Microsoft Visual Studio Solution File, Format Version 12.00
# Visual Studio Version 17
VisualStudioVersion = 17.2.32616.157
MinimumVisualStudioVersion = 10.0.40219.1
Project("{9A19103F-16F7-4668-BE54-9A1E7A4F7556}") = "ReversiRestApi", "ReversiRestApi\ReversiRestApi.csproj", "{415DC44C-1A6A-478A-BD06-D788562A4076}"
EndProject
Project("{9A19103F-16F7-4668-BE54-9A1E7A4F7556}") = "ReversiTests", "ReversiTests\ReversiTests.csproj", "{8156DAB3-08D0-4004-A2CC-30AC8DAD9440}"
EndProject
Global
	GlobalSection(SolutionConfigurationPlatforms) = preSolution
		Debug|Any CPU = Debug|Any CPU
		Release|Any CPU = Release|Any CPU
	EndGlobalSection
	GlobalSection(ProjectConfigurationPlatforms) = postSolution
		{415DC44C-1A6A-478A-BD06-D788562A4076}.Debug|Any CPU.ActiveCfg = Debug|Any CPU
		{415DC44C-1A6A-478A-BD06-D788562A4076}.Debug|Any CPU.Build.0 = Debug|Any CPU
		{415DC44C-1A6A-478A-BD06-D788562A4076}.Release|Any CPU.ActiveCfg = Release|Any CPU
		{415DC44C-1A6A-478A-BD06-D788562A4076}.Release|Any CPU.Build.0 = Release|Any CPU
		{8156DAB3-08D0-4004-A2CC-30AC8DAD9440}.Debug|Any CPU.ActiveCfg = Debug|Any CPU
		{8156DAB3-08D0-4004-A2CC-30AC8DAD9440}.Debug|Any CPU.Build.0 = Debug|Any CPU
		{8156DAB3-08D0-4004-A2CC-30AC8DAD9440}.Release|Any CPU.ActiveCfg = Release|Any CPU
		{8156DAB3-08D0-4004-A2CC-30AC8DAD9440}.Release|Any CPU.Build.0 = Release|Any CPU
	EndGlobalSection
	GlobalSection(SolutionProperties) = preSolution
		HideSolutionNode = FALSE
	EndGlobalSection
	GlobalSection(ExtensibilityGlobals) = postSolution
		SolutionGuid = {FE4BE0DC-E8A6-4585-B584-95480B116A32}
	EndGlobalSection
EndGlobal
